
Microsoft Visual Studio Solution File, Format Version 12.00
# Visual Studio Version 16
VisualStudioVersion = 16.0.31727.386
MinimumVisualStudioVersion = 10.0.40219.1
Project("{FAE04EC0-301F-11D3-BF4B-00C04F79EFBC}") = "DevFreela.Payments.API", "DevFreela.Payments.API\DevFreela.Payments.API.csproj", "{0AD8EF56-2D8E-4CCF-9337-233DE0E6F0A9}"
EndProject
Global
	GlobalSection(SolutionConfigurationPlatforms) = preSolution
		Debug|Any CPU = Debug|Any CPU
		Release|Any CPU = Release|Any CPU
	EndGlobalSection
	GlobalSection(ProjectConfigurationPlatforms) = postSolution
		{0AD8EF56-2D8E-4CCF-9337-233DE0E6F0A9}.Debug|Any CPU.ActiveCfg = Debug|Any CPU
		{0AD8EF56-2D8E-4CCF-9337-233DE0E6F0A9}.Debug|Any CPU.Build.0 = Debug|Any CPU
		{0AD8EF56-2D8E-4CCF-9337-233DE0E6F0A9}.Release|Any CPU.ActiveCfg = Release|Any CPU
		{0AD8EF56-2D8E-4CCF-9337-233DE0E6F0A9}.Release|Any CPU.Build.0 = Release|Any CPU
	EndGlobalSection
	GlobalSection(SolutionProperties) = preSolution
		HideSolutionNode = FALSE
	EndGlobalSection
	GlobalSection(ExtensibilityGlobals) = postSolution
		SolutionGuid = {80654EB6-FA4C-40C4-83BF-95964159D343}
	EndGlobalSection
EndGlobal
